
Microsoft Visual Studio Solution File, Format Version 12.00
# Visual Studio Version 17
VisualStudioVersion = 17.13.35825.156 d17.13
MinimumVisualStudioVersion = 10.0.40219.1
Project("{FAE04EC0-301F-11D3-BF4B-00C04F79EFBC}") = "LogiStock", "LogiStock.csproj", "{B5FB95EF-2DC1-4567-B952-DC552B9B4951}"
EndProject
Global
	GlobalSection(SolutionConfigurationPlatforms) = preSolution
		Debug|Any CPU = Debug|Any CPU
		Release|Any CPU = Release|Any CPU
	EndGlobalSection
	GlobalSection(ProjectConfigurationPlatforms) = postSolution
		{B5FB95EF-2DC1-4567-B952-DC552B9B4951}.Debug|Any CPU.ActiveCfg = Debug|Any CPU
		{B5FB95EF-2DC1-4567-B952-DC552B9B4951}.Debug|Any CPU.Build.0 = Debug|Any CPU
		{B5FB95EF-2DC1-4567-B952-DC552B9B4951}.Release|Any CPU.ActiveCfg = Release|Any CPU
		{B5FB95EF-2DC1-4567-B952-DC552B9B4951}.Release|Any CPU.Build.0 = Release|Any CPU
	EndGlobalSection
	GlobalSection(SolutionProperties) = preSolution
		HideSolutionNode = FALSE
	EndGlobalSection
	GlobalSection(ExtensibilityGlobals) = postSolution
		SolutionGuid = {A315F669-6B50-49CA-BEBB-50C36CB3D74E}
	EndGlobalSection
EndGlobal
